{
  "name": "com.connectbi.app",
  "version": "1.0.1",
  "lockfileVersion": 2,
  "requires": true,
  "packages": {
    "": {
      "name": "com.connectbi.app",
      "version": "1.0.1",
      "license": "Apache-2.0",
      "devDependencies": {
        "cordova-plugin-dialogs": "^2.0.1",
        "cordova-plugin-network-information": "^2.0.1"
      }
    },
    "node_modules/cordova-plugin-dialogs": {
      "version": "2.0.2",
      "resolved": "https://registry.npmjs.org/cordova-plugin-dialogs/-/cordova-plugin-dialogs-2.0.2.tgz",
      "integrity": "sha512-FUHI6eEVeoz2VkxbF0P56QlUQLGzXcvw3i4xuXyM9gEct6Y+FA3Xzgl2pJTZcTg5wRqLWzN08kgNoHPkom15pw==",
      "dev": true,
      "engines": {
        "cordovaDependencies": {
          "3.0.0": {
            "cordova": ">100"
          }
        }
      }
    },
    "node_modules/cordova-plugin-network-information": {
      "version": "2.0.2",
      "resolved": "https://registry.npmjs.org/cordova-plugin-network-information/-/cordova-plugin-network-information-2.0.2.tgz",
      "integrity": "sha512-NwO3qDBNL/vJxUxBTPNOA1HvkDf9eTeGH8JSZiwy1jq2W2mJKQEDBwqWkaEQS19Yd/MQTiw0cykxg5D7u4J6cQ==",
      "dev": true,
      "engines": {
        "cordovaDependencies": {
          "3.0.0": {
            "cordova": ">100"
          }
        }
      }
    }
  },
  "dependencies": {
    "cordova-plugin-dialogs": {
      "version": "2.0.2",
      "resolved": "https://registry.npmjs.org/cordova-plugin-dialogs/-/cordova-plugin-dialogs-2.0.2.tgz",
      "integrity": "sha512-FUHI6eEVeoz2VkxbF0P56QlUQLGzXcvw3i4xuXyM9gEct6Y+FA3Xzgl2pJTZcTg5wRqLWzN08kgNoHPkom15pw==",
      "dev": true
    },
    "cordova-plugin-network-information": {
      "version": "2.0.2",
      "resolved": "https://registry.npmjs.org/cordova-plugin-network-information/-/cordova-plugin-network-information-2.0.2.tgz",
      "integrity": "sha512-NwO3qDBNL/vJxUxBTPNOA1HvkDf9eTeGH8JSZiwy1jq2W2mJKQEDBwqWkaEQS19Yd/MQTiw0cykxg5D7u4J6cQ==",
      "dev": true
    }
  }
}
